
Microsoft Visual Studio Solution File, Format Version 12.00
# Visual Studio Version 17
VisualStudioVersion = 17.4.33205.214
MinimumVisualStudioVersion = 10.0.40219.1
Project("{9A19103F-16F7-4668-BE54-9A1E7A4F7556}") = "Super_Market", "Super_Market\Super_Market.csproj", "{F946319A-0318-4EBD-88EA-A58E69007839}"
EndProject
Global
	GlobalSection(SolutionConfigurationPlatforms) = preSolution
		Debug|Any CPU = Debug|Any CPU
		Release|Any CPU = Release|Any CPU
	EndGlobalSection
	GlobalSection(ProjectConfigurationPlatforms) = postSolution
		{F946319A-0318-4EBD-88EA-A58E69007839}.Debug|Any CPU.ActiveCfg = Debug|Any CPU
		{F946319A-0318-4EBD-88EA-A58E69007839}.Debug|Any CPU.Build.0 = Debug|Any CPU
		{F946319A-0318-4EBD-88EA-A58E69007839}.Release|Any CPU.ActiveCfg = Release|Any CPU
		{F946319A-0318-4EBD-88EA-A58E69007839}.Release|Any CPU.Build.0 = Release|Any CPU
	EndGlobalSection
	GlobalSection(SolutionProperties) = preSolution
		HideSolutionNode = FALSE
	EndGlobalSection
	GlobalSection(ExtensibilityGlobals) = postSolution
		SolutionGuid = {73ABF097-CE41-42A3-B3C4-84DBB2DB6567}
	EndGlobalSection
EndGlobal
